{
  "name": "consumer",
  "version": "1.0.0",
  "lockfileVersion": 1,
  "requires": true,
  "dependencies": {
    "@overspend/hi": {
      "version": "0.0.7",
      "resolved": "https://registry.npmjs.org/@overspend/hi/-/hi-0.0.7.tgz",
      "integrity": "sha512-Lnx9m6tIiQC1DiY/xvFeVt0nkXNpQfKyOY+ihs4urqqB+sx+TBBecZeK0mT9tZvTgab89WchznU1OwVdhvmKbQ=="
    }
  }
}
